
Microsoft Visual Studio Solution File, Format Version 12.00
# Visual Studio Version 17
Project("{8BC9CEB8-8B4A-11D0-8D11-00A0C91BC942}") = "ALL_BUILD", "ALL_BUILD.vcxproj", "{45C8658C-C999-3D45-A8F6-1B89E2C3F42D}"
	ProjectSection(ProjectDependencies) = postProject
		{6EE0C1E1-3BED-32AC-BF51-3B3F71CC8331} = {6EE0C1E1-3BED-32AC-BF51-3B3F71CC8331}
		{B2C5C252-A4BC-3547-A28E-7E7B109B5987} = {B2C5C252-A4BC-3547-A28E-7E7B109B5987}
		{033969FD-2382-34D9-AFAB-71227CBCD277} = {033969FD-2382-34D9-AFAB-71227CBCD277}
	EndProjectSection
EndProject
Project("{8BC9CEB8-8B4A-11D0-8D11-00A0C91BC942}") = "ZERO_CHECK", "ZERO_CHECK.vcxproj", "{6EE0C1E1-3BED-32AC-BF51-3B3F71CC8331}"
	ProjectSection(ProjectDependencies) = postProject
	EndProjectSection
EndProject
Project("{8BC9CEB8-8B4A-11D0-8D11-00A0C91BC942}") = "seal_ckks_example_1", "seal_ckks_example_1.vcxproj", "{B2C5C252-A4BC-3547-A28E-7E7B109B5987}"
	ProjectSection(ProjectDependencies) = postProject
		{6EE0C1E1-3BED-32AC-BF51-3B3F71CC8331} = {6EE0C1E1-3BED-32AC-BF51-3B3F71CC8331}
	EndProjectSection
EndProject
Project("{8BC9CEB8-8B4A-11D0-8D11-00A0C91BC942}") = "seal_ckks_example_2", "seal_ckks_example_2.vcxproj", "{033969FD-2382-34D9-AFAB-71227CBCD277}"
	ProjectSection(ProjectDependencies) = postProject
		{6EE0C1E1-3BED-32AC-BF51-3B3F71CC8331} = {6EE0C1E1-3BED-32AC-BF51-3B3F71CC8331}
	EndProjectSection
EndProject
Global
	GlobalSection(SolutionConfigurationPlatforms) = preSolution
		Debug|x64 = Debug|x64
		Release|x64 = Release|x64
		MinSizeRel|x64 = MinSizeRel|x64
		RelWithDebInfo|x64 = RelWithDebInfo|x64
	EndGlobalSection
	GlobalSection(ProjectConfigurationPlatforms) = postSolution
		{45C8658C-C999-3D45-A8F6-1B89E2C3F42D}.Debug|x64.ActiveCfg = Debug|x64
		{45C8658C-C999-3D45-A8F6-1B89E2C3F42D}.Release|x64.ActiveCfg = Release|x64
		{45C8658C-C999-3D45-A8F6-1B89E2C3F42D}.MinSizeRel|x64.ActiveCfg = MinSizeRel|x64
		{45C8658C-C999-3D45-A8F6-1B89E2C3F42D}.RelWithDebInfo|x64.ActiveCfg = RelWithDebInfo|x64
		{6EE0C1E1-3BED-32AC-BF51-3B3F71CC8331}.Debug|x64.ActiveCfg = Debug|x64
		{6EE0C1E1-3BED-32AC-BF51-3B3F71CC8331}.Debug|x64.Build.0 = Debug|x64
		{6EE0C1E1-3BED-32AC-BF51-3B3F71CC8331}.Release|x64.ActiveCfg = Release|x64
		{6EE0C1E1-3BED-32AC-BF51-3B3F71CC8331}.Release|x64.Build.0 = Release|x64
		{6EE0C1E1-3BED-32AC-BF51-3B3F71CC8331}.MinSizeRel|x64.ActiveCfg = MinSizeRel|x64
		{6EE0C1E1-3BED-32AC-BF51-3B3F71CC8331}.MinSizeRel|x64.Build.0 = MinSizeRel|x64
		{6EE0C1E1-3BED-32AC-BF51-3B3F71CC8331}.RelWithDebInfo|x64.ActiveCfg = RelWithDebInfo|x64
		{6EE0C1E1-3BED-32AC-BF51-3B3F71CC8331}.RelWithDebInfo|x64.Build.0 = RelWithDebInfo|x64
		{B2C5C252-A4BC-3547-A28E-7E7B109B5987}.Debug|x64.ActiveCfg = Debug|x64
		{B2C5C252-A4BC-3547-A28E-7E7B109B5987}.Debug|x64.Build.0 = Debug|x64
		{B2C5C252-A4BC-3547-A28E-7E7B109B5987}.Release|x64.ActiveCfg = Release|x64
		{B2C5C252-A4BC-3547-A28E-7E7B109B5987}.Release|x64.Build.0 = Release|x64
		{B2C5C252-A4BC-3547-A28E-7E7B109B5987}.MinSizeRel|x64.ActiveCfg = MinSizeRel|x64
		{B2C5C252-A4BC-3547-A28E-7E7B109B5987}.MinSizeRel|x64.Build.0 = MinSizeRel|x64
		{B2C5C252-A4BC-3547-A28E-7E7B109B5987}.RelWithDebInfo|x64.ActiveCfg = RelWithDebInfo|x64
		{B2C5C252-A4BC-3547-A28E-7E7B109B5987}.RelWithDebInfo|x64.Build.0 = RelWithDebInfo|x64
		{033969FD-2382-34D9-AFAB-71227CBCD277}.Debug|x64.ActiveCfg = Debug|x64
		{033969FD-2382-34D9-AFAB-71227CBCD277}.Debug|x64.Build.0 = Debug|x64
		{033969FD-2382-34D9-AFAB-71227CBCD277}.Release|x64.ActiveCfg = Release|x64
		{033969FD-2382-34D9-AFAB-71227CBCD277}.Release|x64.Build.0 = Release|x64
		{033969FD-2382-34D9-AFAB-71227CBCD277}.MinSizeRel|x64.ActiveCfg = MinSizeRel|x64
		{033969FD-2382-34D9-AFAB-71227CBCD277}.MinSizeRel|x64.Build.0 = MinSizeRel|x64
		{033969FD-2382-34D9-AFAB-71227CBCD277}.RelWithDebInfo|x64.ActiveCfg = RelWithDebInfo|x64
		{033969FD-2382-34D9-AFAB-71227CBCD277}.RelWithDebInfo|x64.Build.0 = RelWithDebInfo|x64
	EndGlobalSection
	GlobalSection(ExtensibilityGlobals) = postSolution
		SolutionGuid = {FD7CD788-E43D-3723-BD66-FCCC697E6342}
	EndGlobalSection
	GlobalSection(ExtensibilityAddIns) = postSolution
	EndGlobalSection
EndGlobal
