<?xml version="1.0" encoding="utf-8"?>
<Project ToolsVersion="17.0" xmlns="http://schemas.microsoft.com/developer/msbuild/2003">
  <ItemGroup>
    <CustomBuild Include="C:\decision-tree-SEAL\Project_Build\CMakeFiles\cd17481bfbee8ee07902755fed2da087\generate.stamp.rule">
      <Filter>CMake Rules</Filter>
    </CustomBuild>
  </ItemGroup>
  <ItemGroup>
    <Filter Include="CMake Rules">
      <UniqueIdentifier>{B53735EB-5D6C-34F3-8B52-A344C2FE270F}</UniqueIdentifier>
    </Filter>
  </ItemGroup>
</Project>
