
Microsoft Visual Studio Solution File, Format Version 12.00
# Visual Studio Version 17
Project("{8BC9CEB8-8B4A-11D0-8D11-00A0C91BC942}") = "ALL_BUILD", "ALL_BUILD.vcxproj", "{16E1D935-306C-3E36-86CE-14EDAE8010EA}"
	ProjectSection(ProjectDependencies) = postProject
		{8E50AD39-A0E2-3A49-AA55-E97F11A5077D} = {8E50AD39-A0E2-3A49-AA55-E97F11A5077D}
		{ED2AC745-6784-3AE8-B62B-C4D4086C419E} = {ED2AC745-6784-3AE8-B62B-C4D4086C419E}
	EndProjectSection
EndProject
Project("{8BC9CEB8-8B4A-11D0-8D11-00A0C91BC942}") = "INSTALL", "INSTALL.vcxproj", "{BDAC50BD-F39F-3B4A-9447-D2D976F1A076}"
	ProjectSection(ProjectDependencies) = postProject
		{16E1D935-306C-3E36-86CE-14EDAE8010EA} = {16E1D935-306C-3E36-86CE-14EDAE8010EA}
		{8E50AD39-A0E2-3A49-AA55-E97F11A5077D} = {8E50AD39-A0E2-3A49-AA55-E97F11A5077D}
	EndProjectSection
EndProject
Project("{8BC9CEB8-8B4A-11D0-8D11-00A0C91BC942}") = "ZERO_CHECK", "ZERO_CHECK.vcxproj", "{8E50AD39-A0E2-3A49-AA55-E97F11A5077D}"
	ProjectSection(ProjectDependencies) = postProject
	EndProjectSection
EndProject
Project("{8BC9CEB8-8B4A-11D0-8D11-00A0C91BC942}") = "libzstd_static", "thirdparty\zstd-build\lib\libzstd_static.vcxproj", "{0CCEC037-7270-3BF4-ABAD-FD1F9EE28D1A}"
	ProjectSection(ProjectDependencies) = postProject
		{8E50AD39-A0E2-3A49-AA55-E97F11A5077D} = {8E50AD39-A0E2-3A49-AA55-E97F11A5077D}
	EndProjectSection
EndProject
Project("{8BC9CEB8-8B4A-11D0-8D11-00A0C91BC942}") = "seal", "seal.vcxproj", "{ED2AC745-6784-3AE8-B62B-C4D4086C419E}"
	ProjectSection(ProjectDependencies) = postProject
		{8E50AD39-A0E2-3A49-AA55-E97F11A5077D} = {8E50AD39-A0E2-3A49-AA55-E97F11A5077D}
		{0CCEC037-7270-3BF4-ABAD-FD1F9EE28D1A} = {0CCEC037-7270-3BF4-ABAD-FD1F9EE28D1A}
		{B2FF220F-7434-3478-BAB1-A716CF908CFE} = {B2FF220F-7434-3478-BAB1-A716CF908CFE}
	EndProjectSection
EndProject
Project("{8BC9CEB8-8B4A-11D0-8D11-00A0C91BC942}") = "zlibstatic", "thirdparty\zlib-build\zlibstatic.vcxproj", "{B2FF220F-7434-3478-BAB1-A716CF908CFE}"
	ProjectSection(ProjectDependencies) = postProject
		{8E50AD39-A0E2-3A49-AA55-E97F11A5077D} = {8E50AD39-A0E2-3A49-AA55-E97F11A5077D}
	EndProjectSection
EndProject
Global
	GlobalSection(SolutionConfigurationPlatforms) = preSolution
		Debug|x64 = Debug|x64
		Release|x64 = Release|x64
		MinSizeRel|x64 = MinSizeRel|x64
		RelWithDebInfo|x64 = RelWithDebInfo|x64
	EndGlobalSection
	GlobalSection(ProjectConfigurationPlatforms) = postSolution
		{16E1D935-306C-3E36-86CE-14EDAE8010EA}.Debug|x64.ActiveCfg = Debug|x64
		{16E1D935-306C-3E36-86CE-14EDAE8010EA}.Debug|x64.Build.0 = Debug|x64
		{16E1D935-306C-3E36-86CE-14EDAE8010EA}.Release|x64.ActiveCfg = Release|x64
		{16E1D935-306C-3E36-86CE-14EDAE8010EA}.Release|x64.Build.0 = Release|x64
		{16E1D935-306C-3E36-86CE-14EDAE8010EA}.MinSizeRel|x64.ActiveCfg = MinSizeRel|x64
		{16E1D935-306C-3E36-86CE-14EDAE8010EA}.MinSizeRel|x64.Build.0 = MinSizeRel|x64
		{16E1D935-306C-3E36-86CE-14EDAE8010EA}.RelWithDebInfo|x64.ActiveCfg = RelWithDebInfo|x64
		{16E1D935-306C-3E36-86CE-14EDAE8010EA}.RelWithDebInfo|x64.Build.0 = RelWithDebInfo|x64
		{BDAC50BD-F39F-3B4A-9447-D2D976F1A076}.Debug|x64.ActiveCfg = Debug|x64
		{BDAC50BD-F39F-3B4A-9447-D2D976F1A076}.Release|x64.ActiveCfg = Release|x64
		{BDAC50BD-F39F-3B4A-9447-D2D976F1A076}.MinSizeRel|x64.ActiveCfg = MinSizeRel|x64
		{BDAC50BD-F39F-3B4A-9447-D2D976F1A076}.RelWithDebInfo|x64.ActiveCfg = RelWithDebInfo|x64
		{8E50AD39-A0E2-3A49-AA55-E97F11A5077D}.Debug|x64.ActiveCfg = Debug|x64
		{8E50AD39-A0E2-3A49-AA55-E97F11A5077D}.Debug|x64.Build.0 = Debug|x64
		{8E50AD39-A0E2-3A49-AA55-E97F11A5077D}.Release|x64.ActiveCfg = Release|x64
		{8E50AD39-A0E2-3A49-AA55-E97F11A5077D}.Release|x64.Build.0 = Release|x64
		{8E50AD39-A0E2-3A49-AA55-E97F11A5077D}.MinSizeRel|x64.ActiveCfg = MinSizeRel|x64
		{8E50AD39-A0E2-3A49-AA55-E97F11A5077D}.MinSizeRel|x64.Build.0 = MinSizeRel|x64
		{8E50AD39-A0E2-3A49-AA55-E97F11A5077D}.RelWithDebInfo|x64.ActiveCfg = RelWithDebInfo|x64
		{8E50AD39-A0E2-3A49-AA55-E97F11A5077D}.RelWithDebInfo|x64.Build.0 = RelWithDebInfo|x64
		{0CCEC037-7270-3BF4-ABAD-FD1F9EE28D1A}.Debug|x64.ActiveCfg = Debug|x64
		{0CCEC037-7270-3BF4-ABAD-FD1F9EE28D1A}.Debug|x64.Build.0 = Debug|x64
		{0CCEC037-7270-3BF4-ABAD-FD1F9EE28D1A}.Release|x64.ActiveCfg = Release|x64
		{0CCEC037-7270-3BF4-ABAD-FD1F9EE28D1A}.Release|x64.Build.0 = Release|x64
		{0CCEC037-7270-3BF4-ABAD-FD1F9EE28D1A}.MinSizeRel|x64.ActiveCfg = MinSizeRel|x64
		{0CCEC037-7270-3BF4-ABAD-FD1F9EE28D1A}.MinSizeRel|x64.Build.0 = MinSizeRel|x64
		{0CCEC037-7270-3BF4-ABAD-FD1F9EE28D1A}.RelWithDebInfo|x64.ActiveCfg = RelWithDebInfo|x64
		{0CCEC037-7270-3BF4-ABAD-FD1F9EE28D1A}.RelWithDebInfo|x64.Build.0 = RelWithDebInfo|x64
		{ED2AC745-6784-3AE8-B62B-C4D4086C419E}.Debug|x64.ActiveCfg = Debug|x64
		{ED2AC745-6784-3AE8-B62B-C4D4086C419E}.Debug|x64.Build.0 = Debug|x64
		{ED2AC745-6784-3AE8-B62B-C4D4086C419E}.Release|x64.ActiveCfg = Release|x64
		{ED2AC745-6784-3AE8-B62B-C4D4086C419E}.Release|x64.Build.0 = Release|x64
		{ED2AC745-6784-3AE8-B62B-C4D4086C419E}.MinSizeRel|x64.ActiveCfg = MinSizeRel|x64
		{ED2AC745-6784-3AE8-B62B-C4D4086C419E}.MinSizeRel|x64.Build.0 = MinSizeRel|x64
		{ED2AC745-6784-3AE8-B62B-C4D4086C419E}.RelWithDebInfo|x64.ActiveCfg = RelWithDebInfo|x64
		{ED2AC745-6784-3AE8-B62B-C4D4086C419E}.RelWithDebInfo|x64.Build.0 = RelWithDebInfo|x64
		{B2FF220F-7434-3478-BAB1-A716CF908CFE}.Debug|x64.ActiveCfg = Debug|x64
		{B2FF220F-7434-3478-BAB1-A716CF908CFE}.Debug|x64.Build.0 = Debug|x64
		{B2FF220F-7434-3478-BAB1-A716CF908CFE}.Release|x64.ActiveCfg = Release|x64
		{B2FF220F-7434-3478-BAB1-A716CF908CFE}.Release|x64.Build.0 = Release|x64
		{B2FF220F-7434-3478-BAB1-A716CF908CFE}.MinSizeRel|x64.ActiveCfg = MinSizeRel|x64
		{B2FF220F-7434-3478-BAB1-A716CF908CFE}.MinSizeRel|x64.Build.0 = MinSizeRel|x64
		{B2FF220F-7434-3478-BAB1-A716CF908CFE}.RelWithDebInfo|x64.ActiveCfg = RelWithDebInfo|x64
		{B2FF220F-7434-3478-BAB1-A716CF908CFE}.RelWithDebInfo|x64.Build.0 = RelWithDebInfo|x64
	EndGlobalSection
	GlobalSection(ExtensibilityGlobals) = postSolution
		SolutionGuid = {6FE6200D-3EF2-3297-B79A-FA6FA0D688D4}
	EndGlobalSection
	GlobalSection(ExtensibilityAddIns) = postSolution
	EndGlobalSection
EndGlobal
