<?xml version="1.0" encoding="utf-8"?>
<Project ToolsVersion="17.0" xmlns="http://schemas.microsoft.com/developer/msbuild/2003">
  <ItemGroup>
    <ClCompile Include="C:\hu\decision-tree-he\SEAL\native\src\seal\batchencoder.cpp">
      <Filter>Source Files</Filter>
    </ClCompile>
    <ClCompile Include="C:\hu\decision-tree-he\SEAL\native\src\seal\ciphertext.cpp">
      <Filter>Source Files</Filter>
    </ClCompile>
    <ClCompile Include="C:\hu\decision-tree-he\SEAL\native\src\seal\ckks.cpp">
      <Filter>Source Files</Filter>
    </ClCompile>
    <ClCompile Include="C:\hu\decision-tree-he\SEAL\native\src\seal\context.cpp">
      <Filter>Source Files</Filter>
    </ClCompile>
    <ClCompile Include="C:\hu\decision-tree-he\SEAL\native\src\seal\decryptor.cpp">
      <Filter>Source Files</Filter>
    </ClCompile>
    <ClCompile Include="C:\hu\decision-tree-he\SEAL\native\src\seal\encryptionparams.cpp">
      <Filter>Source Files</Filter>
    </ClCompile>
    <ClCompile Include="C:\hu\decision-tree-he\SEAL\native\src\seal\encryptor.cpp">
      <Filter>Source Files</Filter>
    </ClCompile>
    <ClCompile Include="C:\hu\decision-tree-he\SEAL\native\src\seal\evaluator.cpp">
      <Filter>Source Files</Filter>
    </ClCompile>
    <ClCompile Include="C:\hu\decision-tree-he\SEAL\native\src\seal\keygenerator.cpp">
      <Filter>Source Files</Filter>
    </ClCompile>
    <ClCompile Include="C:\hu\decision-tree-he\SEAL\native\src\seal\kswitchkeys.cpp">
      <Filter>Source Files</Filter>
    </ClCompile>
    <ClCompile Include="C:\hu\decision-tree-he\SEAL\native\src\seal\memorymanager.cpp">
      <Filter>Source Files</Filter>
    </ClCompile>
    <ClCompile Include="C:\hu\decision-tree-he\SEAL\native\src\seal\modulus.cpp">
      <Filter>Source Files</Filter>
    </ClCompile>
    <ClCompile Include="C:\hu\decision-tree-he\SEAL\native\src\seal\plaintext.cpp">
      <Filter>Source Files</Filter>
    </ClCompile>
    <ClCompile Include="C:\hu\decision-tree-he\SEAL\native\src\seal\randomgen.cpp">
      <Filter>Source Files</Filter>
    </ClCompile>
    <ClCompile Include="C:\hu\decision-tree-he\SEAL\native\src\seal\serialization.cpp">
      <Filter>Source Files</Filter>
    </ClCompile>
    <ClCompile Include="C:\hu\decision-tree-he\SEAL\native\src\seal\valcheck.cpp">
      <Filter>Source Files</Filter>
    </ClCompile>
    <ClCompile Include="C:\hu\decision-tree-he\SEAL\native\src\seal\util\blake2b.c">
      <Filter>Source Files</Filter>
    </ClCompile>
    <ClCompile Include="C:\hu\decision-tree-he\SEAL\native\src\seal\util\blake2xb.c">
      <Filter>Source Files</Filter>
    </ClCompile>
    <ClCompile Include="C:\hu\decision-tree-he\SEAL\native\src\seal\util\clipnormal.cpp">
      <Filter>Source Files</Filter>
    </ClCompile>
    <ClCompile Include="C:\hu\decision-tree-he\SEAL\native\src\seal\util\common.cpp">
      <Filter>Source Files</Filter>
    </ClCompile>
    <ClCompile Include="C:\hu\decision-tree-he\SEAL\native\src\seal\util\croots.cpp">
      <Filter>Source Files</Filter>
    </ClCompile>
    <ClCompile Include="C:\hu\decision-tree-he\SEAL\native\src\seal\util\fips202.c">
      <Filter>Source Files</Filter>
    </ClCompile>
    <ClCompile Include="C:\hu\decision-tree-he\SEAL\native\src\seal\util\globals.cpp">
      <Filter>Source Files</Filter>
    </ClCompile>
    <ClCompile Include="C:\hu\decision-tree-he\SEAL\native\src\seal\util\galois.cpp">
      <Filter>Source Files</Filter>
    </ClCompile>
    <ClCompile Include="C:\hu\decision-tree-he\SEAL\native\src\seal\util\hash.cpp">
      <Filter>Source Files</Filter>
    </ClCompile>
    <ClCompile Include="C:\hu\decision-tree-he\SEAL\native\src\seal\util\iterator.cpp">
      <Filter>Source Files</Filter>
    </ClCompile>
    <ClCompile Include="C:\hu\decision-tree-he\SEAL\native\src\seal\util\mempool.cpp">
      <Filter>Source Files</Filter>
    </ClCompile>
    <ClCompile Include="C:\hu\decision-tree-he\SEAL\native\src\seal\util\numth.cpp">
      <Filter>Source Files</Filter>
    </ClCompile>
    <ClCompile Include="C:\hu\decision-tree-he\SEAL\native\src\seal\util\polyarithsmallmod.cpp">
      <Filter>Source Files</Filter>
    </ClCompile>
    <ClCompile Include="C:\hu\decision-tree-he\SEAL\native\src\seal\util\rlwe.cpp">
      <Filter>Source Files</Filter>
    </ClCompile>
    <ClCompile Include="C:\hu\decision-tree-he\SEAL\native\src\seal\util\rns.cpp">
      <Filter>Source Files</Filter>
    </ClCompile>
    <ClCompile Include="C:\hu\decision-tree-he\SEAL\native\src\seal\util\scalingvariant.cpp">
      <Filter>Source Files</Filter>
    </ClCompile>
    <ClCompile Include="C:\hu\decision-tree-he\SEAL\native\src\seal\util\ntt.cpp">
      <Filter>Source Files</Filter>
    </ClCompile>
    <ClCompile Include="C:\hu\decision-tree-he\SEAL\native\src\seal\util\streambuf.cpp">
      <Filter>Source Files</Filter>
    </ClCompile>
    <ClCompile Include="C:\hu\decision-tree-he\SEAL\native\src\seal\util\uintarith.cpp">
      <Filter>Source Files</Filter>
    </ClCompile>
    <ClCompile Include="C:\hu\decision-tree-he\SEAL\native\src\seal\util\uintarithmod.cpp">
      <Filter>Source Files</Filter>
    </ClCompile>
    <ClCompile Include="C:\hu\decision-tree-he\SEAL\native\src\seal\util\uintarithsmallmod.cpp">
      <Filter>Source Files</Filter>
    </ClCompile>
    <ClCompile Include="C:\hu\decision-tree-he\SEAL\native\src\seal\util\uintcore.cpp">
      <Filter>Source Files</Filter>
    </ClCompile>
    <ClCompile Include="C:\hu\decision-tree-he\SEAL\native\src\seal\util\ztools.cpp">
      <Filter>Source Files</Filter>
    </ClCompile>
  </ItemGroup>
  <ItemGroup>
    <CustomBuild Include="C:\hu\decision-tree-he\SEAL\CMakeLists.txt" />
  </ItemGroup>
  <ItemGroup>
    <Filter Include="Source Files">
      <UniqueIdentifier>{04C54F7D-2AA5-32B7-84A6-7A4DBFF41A51}</UniqueIdentifier>
    </Filter>
  </ItemGroup>
</Project>
